Microsoft Visual Studio Solution File, Format Version 12.00
# Visual Studio Version 17
VisualStudioVersion = 17.5.2.0
MinimumVisualStudioVersion = 10.0.40219.1
Project("{FAE04EC0-301F-11D3-BF4B-00C04F79EFBC}") = "AiProductivityCoach.Api", "AiProductivityCoach.Api.csproj", "{FCAF2B16-E7C8-80E7-D3E8-0D29AE108EA5}"
EndProject
Global
	GlobalSection(SolutionConfigurationPlatforms) = preSolution
		Debug|Any CPU = Debug|Any CPU
		Release|Any CPU = Release|Any CPU
	EndGlobalSection
	GlobalSection(ProjectConfigurationPlatforms) = postSolution
		{FCAF2B16-E7C8-80E7-D3E8-0D29AE108EA5}.Debug|Any CPU.ActiveCfg = Debug|Any CPU
		{FCAF2B16-E7C8-80E7-D3E8-0D29AE108EA5}.Debug|Any CPU.Build.0 = Debug|Any CPU
		{FCAF2B16-E7C8-80E7-D3E8-0D29AE108EA5}.Release|Any CPU.ActiveCfg = Release|Any CPU
		{FCAF2B16-E7C8-80E7-D3E8-0D29AE108EA5}.Release|Any CPU.Build.0 = Release|Any CPU
	EndGlobalSection
	GlobalSection(SolutionProperties) = preSolution
		HideSolutionNode = FALSE
	EndGlobalSection
	GlobalSection(ExtensibilityGlobals) = postSolution
		SolutionGuid = {E6244AF7-93B9-4F17-81FD-6360CC1D60E6}
	EndGlobalSection
EndGlobal
